
Microsoft Visual Studio Solution File, Format Version 12.00
# Visual Studio Version 18
VisualStudioVersion = 18.0.11205.157
MinimumVisualStudioVersion = 10.0.40219.1
Project("{FAE04EC0-301F-11D3-BF4B-00C04F79EFBC}") = "BulkyBookWeb", "BulkyWeb\BulkyBookWeb.csproj", "{9597AAE3-FC29-4F02-B2CE-F00230B07217}"
EndProject
Project("{FAE04EC0-301F-11D3-BF4B-00C04F79EFBC}") = "BulkyBook.DataAccess", "Bulky.DataAccess\BulkyBook.DataAccess.csproj", "{F617C65F-0F52-491C-92D7-920AB6D8EDD3}"
EndProject
Project("{FAE04EC0-301F-11D3-BF4B-00C04F79EFBC}") = "BulkyBook.Models", "Bulky.Models\BulkyBook.Models.csproj", "{F508A2E9-4A76-4796-AF39-B9C3BEF54E09}"
EndProject
Project("{FAE04EC0-301F-11D3-BF4B-00C04F79EFBC}") = "BulkyBook.Utility", "Bulky.Utility\BulkyBook.Utility.csproj", "{B72B99AD-FDA7-4272-9C94-D830D8550916}"
EndProject
Global
	GlobalSection(SolutionConfigurationPlatforms) = preSolution
		Debug|Any CPU = Debug|Any CPU
		Release|Any CPU = Release|Any CPU
	EndGlobalSection
	GlobalSection(ProjectConfigurationPlatforms) = postSolution
		{9597AAE3-FC29-4F02-B2CE-F00230B07217}.Debug|Any CPU.ActiveCfg = Debug|Any CPU
		{9597AAE3-FC29-4F02-B2CE-F00230B07217}.Debug|Any CPU.Build.0 = Debug|Any CPU
		{9597AAE3-FC29-4F02-B2CE-F00230B07217}.Release|Any CPU.ActiveCfg = Release|Any CPU
		{9597AAE3-FC29-4F02-B2CE-F00230B07217}.Release|Any CPU.Build.0 = Release|Any CPU
		{F617C65F-0F52-491C-92D7-920AB6D8EDD3}.Debug|Any CPU.ActiveCfg = Debug|Any CPU
		{F617C65F-0F52-491C-92D7-920AB6D8EDD3}.Debug|Any CPU.Build.0 = Debug|Any CPU
		{F617C65F-0F52-491C-92D7-920AB6D8EDD3}.Release|Any CPU.ActiveCfg = Release|Any CPU
		{F617C65F-0F52-491C-92D7-920AB6D8EDD3}.Release|Any CPU.Build.0 = Release|Any CPU
		{F508A2E9-4A76-4796-AF39-B9C3BEF54E09}.Debug|Any CPU.ActiveCfg = Debug|Any CPU
		{F508A2E9-4A76-4796-AF39-B9C3BEF54E09}.Debug|Any CPU.Build.0 = Debug|Any CPU
		{F508A2E9-4A76-4796-AF39-B9C3BEF54E09}.Release|Any CPU.ActiveCfg = Release|Any CPU
		{F508A2E9-4A76-4796-AF39-B9C3BEF54E09}.Release|Any CPU.Build.0 = Release|Any CPU
		{B72B99AD-FDA7-4272-9C94-D830D8550916}.Debug|Any CPU.ActiveCfg = Debug|Any CPU
		{B72B99AD-FDA7-4272-9C94-D830D8550916}.Debug|Any CPU.Build.0 = Debug|Any CPU
		{B72B99AD-FDA7-4272-9C94-D830D8550916}.Release|Any CPU.ActiveCfg = Release|Any CPU
		{B72B99AD-FDA7-4272-9C94-D830D8550916}.Release|Any CPU.Build.0 = Release|Any CPU
	EndGlobalSection
	GlobalSection(SolutionProperties) = preSolution
		HideSolutionNode = FALSE
	EndGlobalSection
	GlobalSection(ExtensibilityGlobals) = postSolution
		SolutionGuid = {5DE9B95A-E834-4CF2-9B2C-307281C1F004}
	EndGlobalSection
EndGlobal
